
Microsoft Visual Studio Solution File, Format Version 12.00
# Visual Studio Version 16
VisualStudioVersion = 16.0.30804.86
MinimumVisualStudioVersion = 10.0.40219.1
Project("{FAE04EC0-301F-11D3-BF4B-00C04F79EFBC}") = "02", "02\02.csproj", "{B79276A2-2C60-41FC-ABB8-4A1472F6F0F5}"
EndProject
Global
	GlobalSection(SolutionConfigurationPlatforms) = preSolution
		Debug|Any CPU = Debug|Any CPU
		Release|Any CPU = Release|Any CPU
	EndGlobalSection
	GlobalSection(ProjectConfigurationPlatforms) = postSolution
		{B79276A2-2C60-41FC-ABB8-4A1472F6F0F5}.Debug|Any CPU.ActiveCfg = Debug|Any CPU
		{B79276A2-2C60-41FC-ABB8-4A1472F6F0F5}.Debug|Any CPU.Build.0 = Debug|Any CPU
		{B79276A2-2C60-41FC-ABB8-4A1472F6F0F5}.Release|Any CPU.ActiveCfg = Release|Any CPU
		{B79276A2-2C60-41FC-ABB8-4A1472F6F0F5}.Release|Any CPU.Build.0 = Release|Any CPU
	EndGlobalSection
	GlobalSection(SolutionProperties) = preSolution
		HideSolutionNode = FALSE
	EndGlobalSection
	GlobalSection(ExtensibilityGlobals) = postSolution
		SolutionGuid = {A1B3DA8E-108C-4404-9CFE-E7148AE2DBB6}
	EndGlobalSection
EndGlobal
